<?xml version="1.0" encoding="utf-8"?>
<Project ToolsVersion="4.0" xmlns="http://schemas.microsoft.com/developer/msbuild/2003">
  <ItemGroup>
    <Filter Include="源文件">
      <UniqueIdentifier>{4FC737F1-C7A5-4376-A066-2A32D752A2FF}</UniqueIdentifier>
      <Extensions>cpp;c;cc;cxx;c++;cppm;ixx;def;odl;idl;hpj;bat;asm;asmx</Extensions>
    </Filter>
    <Filter Include="头文件">
      <UniqueIdentifier>{93995380-89BD-4b04-88EB-625FBE52EBFB}</UniqueIdentifier>
      <Extensions>h;hh;hpp;hxx;h++;hm;inl;inc;ipp;xsd</Extensions>
    </Filter>
    <Filter Include="资源文件">
      <UniqueIdentifier>{67DA6AB6-F800-4c08-8B7A-83BB121AAD01}</UniqueIdentifier>
      <Extensions>rc;ico;cur;bmp;dlg;rc2;rct;bin;rgs;gif;jpg;jpeg;jpe;resx;tiff;tif;png;wav;mfcribbon-ms</Extensions>
    </Filter>
    <Filter Include="头文件\Manager">
      <UniqueIdentifier>{27ab3c9e-2380-486f-9c45-771ac15fda0a}</UniqueIdentifier>
    </Filter>
    <Filter Include="头文件\Map">
      <UniqueIdentifier>{316eac5e-465a-437b-830e-5300719c812d}</UniqueIdentifier>
    </Filter>
    <Filter Include="头文件\Enemy">
      <UniqueIdentifier>{ee40717e-9d95-474e-8bbc-76cf994ba3ec}</UniqueIdentifier>
    </Filter>
    <Filter Include="头文件\Enemy\Concrete">
      <UniqueIdentifier>{24526127-b1c0-4520-bfdf-41c71cba3a05}</UniqueIdentifier>
    </Filter>
    <Filter Include="头文件\Bullet">
      <UniqueIdentifier>{53df255b-f1a3-44cd-b7d0-38ce5fdc0248}</UniqueIdentifier>
    </Filter>
    <Filter Include="头文件\Bullet\Concrete">
      <UniqueIdentifier>{e315cc9a-11e2-48fc-a9fc-9dec23346c3c}</UniqueIdentifier>
    </Filter>
    <Filter Include="头文件\Manager\Concrete">
      <UniqueIdentifier>{4d82f41f-7f84-49b6-9ac8-47b4c4fc45c0}</UniqueIdentifier>
    </Filter>
    <Filter Include="头文件\Tower">
      <UniqueIdentifier>{377002d9-f708-4bb3-a443-68bc21a8961f}</UniqueIdentifier>
    </Filter>
    <Filter Include="头文件\Tower\Concrete">
      <UniqueIdentifier>{67760b45-db56-44e6-9c5f-586c5100f353}</UniqueIdentifier>
    </Filter>
    <Filter Include="源文件\_Dependencies">
      <UniqueIdentifier>{ae9f0ac5-07aa-43fa-a4e1-9fcfe7e05988}</UniqueIdentifier>
    </Filter>
    <Filter Include="源文件\Bullet">
      <UniqueIdentifier>{1a464b9e-2da8-4b34-82df-360dab230ae8}</UniqueIdentifier>
    </Filter>
    <Filter Include="源文件\Enemy">
      <UniqueIdentifier>{0fbcb90d-0dd8-4915-a9c6-c07cfb5dae40}</UniqueIdentifier>
    </Filter>
    <Filter Include="源文件\Manager">
      <UniqueIdentifier>{74252bd2-08b4-428d-883e-167a9e26bd8a}</UniqueIdentifier>
    </Filter>
    <Filter Include="源文件\Map">
      <UniqueIdentifier>{f82986b4-4447-4c17-9e51-4764b3e3920b}</UniqueIdentifier>
    </Filter>
    <Filter Include="源文件\Tower">
      <UniqueIdentifier>{b94dad9d-46ec-44dc-95bc-15dcc98bff3c}</UniqueIdentifier>
    </Filter>
    <Filter Include="源文件\Bullet\Concrete">
      <UniqueIdentifier>{c9e72e0d-ba6a-4fb6-948a-a5a75cce3201}</UniqueIdentifier>
    </Filter>
    <Filter Include="源文件\Enemy\Concrete">
      <UniqueIdentifier>{871270aa-e04e-4424-ba50-c179a06dd5ce}</UniqueIdentifier>
    </Filter>
    <Filter Include="源文件\Manager\Concrete">
      <UniqueIdentifier>{b183c6f6-eab2-4b1e-ba3d-88c520e53940}</UniqueIdentifier>
    </Filter>
    <Filter Include="源文件\Tower\Concrete">
      <UniqueIdentifier>{f134d88d-c2f9-46d1-87fd-28de8221ef10}</UniqueIdentifier>
    </Filter>
    <Filter Include="头文件\Drop">
      <UniqueIdentifier>{74ec6501-924e-4f94-a583-fd58ce46638f}</UniqueIdentifier>
    </Filter>
    <Filter Include="源文件\Drop">
      <UniqueIdentifier>{279f0515-1787-4cce-ab6a-3bdcc2646f7c}</UniqueIdentifier>
    </Filter>
    <Filter Include="头文件\Drop\Concrete">
      <UniqueIdentifier>{0cf36571-ca93-4a5b-9c84-51ba20009d25}</UniqueIdentifier>
    </Filter>
    <Filter Include="源文件\Drop\Concrete">
      <UniqueIdentifier>{532678d7-e208-4de7-8270-f481dbb44fbb}</UniqueIdentifier>
    </Filter>
    <Filter Include="头文件\UI">
      <UniqueIdentifier>{b7302ece-98c4-4a09-a094-84e316981259}</UniqueIdentifier>
    </Filter>
    <Filter Include="源文件\UI">
      <UniqueIdentifier>{a5b2cf47-d1bd-4772-9e46-70e6bdacf476}</UniqueIdentifier>
    </Filter>
    <Filter Include="头文件\Infra">
      <UniqueIdentifier>{f0e8e22d-0994-4d64-b79d-dad9ba26b696}</UniqueIdentifier>
    </Filter>
    <Filter Include="源文件\Infra">
      <UniqueIdentifier>{4cbf46e3-9780-417d-a971-3b29b8dfc882}</UniqueIdentifier>
    </Filter>
  </ItemGroup>
  <ItemGroup>
    <ClCompile Include="..\Dependencies\cJSON\cJSON.c">
      <Filter>源文件\_Dependencies</Filter>
    </ClCompile>
    <ClCompile Include="Scripts\Source\Main.cpp">
      <Filter>源文件</Filter>
    </ClCompile>
    <ClCompile Include="Scripts\Source\Bullet\Bullet.cpp">
      <Filter>源文件\Bullet</Filter>
    </ClCompile>
    <ClCompile Include="Scripts\Source\Bullet\Concrete\Arrow.cpp">
      <Filter>源文件\Bullet\Concrete</Filter>
    </ClCompile>
    <ClCompile Include="Scripts\Source\Bullet\Concrete\Axe.cpp">
      <Filter>源文件\Bullet\Concrete</Filter>
    </ClCompile>
    <ClCompile Include="Scripts\Source\Bullet\Concrete\Shell.cpp">
      <Filter>源文件\Bullet\Concrete</Filter>
    </ClCompile>
    <ClCompile Include="Scripts\Source\Enemy\Enemy.cpp">
      <Filter>源文件\Enemy</Filter>
    </ClCompile>
    <ClCompile Include="Scripts\Source\Enemy\Concrete\Goblin.cpp">
      <Filter>源文件\Enemy\Concrete</Filter>
    </ClCompile>
    <ClCompile Include="Scripts\Source\Enemy\Concrete\GoblinPriest.cpp">
      <Filter>源文件\Enemy\Concrete</Filter>
    </ClCompile>
    <ClCompile Include="Scripts\Source\Enemy\Concrete\Skeleton.cpp">
      <Filter>源文件\Enemy\Concrete</Filter>
    </ClCompile>
    <ClCompile Include="Scripts\Source\Enemy\Concrete\Slime.cpp">
      <Filter>源文件\Enemy\Concrete</Filter>
    </ClCompile>
    <ClCompile Include="Scripts\Source\Enemy\Concrete\SlimeKing.cpp">
      <Filter>源文件\Enemy\Concrete</Filter>
    </ClCompile>
    <ClCompile Include="Scripts\Source\Manager\Concrete\AudioManager.cpp">
      <Filter>源文件\Manager\Concrete</Filter>
    </ClCompile>
    <ClCompile Include="Scripts\Source\Manager\Concrete\BulletManager.cpp">
      <Filter>源文件\Manager\Concrete</Filter>
    </ClCompile>
    <ClCompile Include="Scripts\Source\Manager\Concrete\ConfigManager.cpp">
      <Filter>源文件\Manager\Concrete</Filter>
    </ClCompile>
    <ClCompile Include="Scripts\Source\Manager\Concrete\EnemyManager.cpp">
      <Filter>源文件\Manager\Concrete</Filter>
    </ClCompile>
    <ClCompile Include="Scripts\Source\Manager\Concrete\GameManager.cpp">
      <Filter>源文件\Manager\Concrete</Filter>
    </ClCompile>
    <ClCompile Include="Scripts\Source\Manager\Concrete\ProcessManager.cpp">
      <Filter>源文件\Manager\Concrete</Filter>
    </ClCompile>
    <ClCompile Include="Scripts\Source\Manager\Concrete\ResourceManager.cpp">
      <Filter>源文件\Manager\Concrete</Filter>
    </ClCompile>
    <ClCompile Include="Scripts\Source\Manager\Concrete\TowerManager.cpp">
      <Filter>源文件\Manager\Concrete</Filter>
    </ClCompile>
    <ClCompile Include="Scripts\Source\Manager\Concrete\WaveManager.cpp">
      <Filter>源文件\Manager\Concrete</Filter>
    </ClCompile>
    <ClCompile Include="Scripts\Source\Map\Map.cpp">
      <Filter>源文件\Map</Filter>
    </ClCompile>
    <ClCompile Include="Scripts\Source\Map\Route.cpp">
      <Filter>源文件\Map</Filter>
    </ClCompile>
    <ClCompile Include="Scripts\Source\Tower\Tower.cpp">
      <Filter>源文件\Tower</Filter>
    </ClCompile>
    <ClCompile Include="Scripts\Source\Tower\Concrete\Archer.cpp">
      <Filter>源文件\Tower\Concrete</Filter>
    </ClCompile>
    <ClCompile Include="Scripts\Source\Tower\Concrete\Axeman.cpp">
      <Filter>源文件\Tower\Concrete</Filter>
    </ClCompile>
    <ClCompile Include="Scripts\Source\Tower\Concrete\Gunner.cpp">
      <Filter>源文件\Tower\Concrete</Filter>
    </ClCompile>
    <ClCompile Include="Scripts\Source\Drop\Drop.cpp">
      <Filter>源文件\Drop</Filter>
    </ClCompile>
    <ClCompile Include="Scripts\Source\Drop\Concrete\Coin.cpp">
      <Filter>源文件\Drop\Concrete</Filter>
    </ClCompile>
    <ClCompile Include="Scripts\Source\Manager\Concrete\DropManager.cpp">
      <Filter>源文件\Manager\Concrete</Filter>
    </ClCompile>
    <ClCompile Include="Scripts\Source\Enemy\EnemyType.cpp">
      <Filter>源文件\Enemy</Filter>
    </ClCompile>
    <ClCompile Include="Scripts\Source\UI\StatusBar.cpp">
      <Filter>源文件\UI</Filter>
    </ClCompile>
    <ClCompile Include="Scripts\Source\Infra\Timer.cpp">
      <Filter>源文件\Infra</Filter>
    </ClCompile>
    <ClCompile Include="Scripts\Source\Infra\Vector2.cpp">
      <Filter>源文件\Infra</Filter>
    </ClCompile>
    <ClCompile Include="Scripts\Source\Infra\Animation.cpp">
      <Filter>源文件\Infra</Filter>
    </ClCompile>
  </ItemGroup>
  <ItemGroup>
    <ClInclude Include="Scripts\Header\Map\Tile.h">
      <Filter>头文件\Map</Filter>
    </ClInclude>
    <ClInclude Include="Scripts\Header\Map\Map.h">
      <Filter>头文件\Map</Filter>
    </ClInclude>
    <ClInclude Include="Scripts\Header\Manager\Manager.hpp">
      <Filter>头文件\Manager</Filter>
    </ClInclude>
    <ClInclude Include="Scripts\Header\Enemy\Enemy.h">
      <Filter>头文件\Enemy</Filter>
    </ClInclude>
    <ClInclude Include="Scripts\Header\Enemy\EnemyType.h">
      <Filter>头文件\Enemy</Filter>
    </ClInclude>
    <ClInclude Include="Scripts\Header\Enemy\Wave.h">
      <Filter>头文件\Enemy</Filter>
    </ClInclude>
    <ClInclude Include="Scripts\Header\Map\Route.h">
      <Filter>头文件\Map</Filter>
    </ClInclude>
    <ClInclude Include="Scripts\Header\Enemy\Concrete\Goblin.h">
      <Filter>头文件\Enemy\Concrete</Filter>
    </ClInclude>
    <ClInclude Include="Scripts\Header\Enemy\Concrete\SlimeKing.h">
      <Filter>头文件\Enemy\Concrete</Filter>
    </ClInclude>
    <ClInclude Include="Scripts\Header\Enemy\Concrete\GoblinPriest.h">
      <Filter>头文件\Enemy\Concrete</Filter>
    </ClInclude>
    <ClInclude Include="Scripts\Header\Enemy\Concrete\Skeleton.h">
      <Filter>头文件\Enemy\Concrete</Filter>
    </ClInclude>
    <ClInclude Include="Scripts\Header\Enemy\Concrete\Slime.h">
      <Filter>头文件\Enemy\Concrete</Filter>
    </ClInclude>
    <ClInclude Include="Scripts\Header\Bullet\Bullet.h">
      <Filter>头文件\Bullet</Filter>
    </ClInclude>
    <ClInclude Include="Scripts\Header\Bullet\Concrete\Arrow.h">
      <Filter>头文件\Bullet\Concrete</Filter>
    </ClInclude>
    <ClInclude Include="Scripts\Header\Bullet\Concrete\Axe.h">
      <Filter>头文件\Bullet\Concrete</Filter>
    </ClInclude>
    <ClInclude Include="Scripts\Header\Bullet\Concrete\Shell.h">
      <Filter>头文件\Bullet\Concrete</Filter>
    </ClInclude>
    <ClInclude Include="Scripts\Header\Manager\Concrete\WaveManager.h">
      <Filter>头文件\Manager\Concrete</Filter>
    </ClInclude>
    <ClInclude Include="Scripts\Header\Manager\Concrete\AudioManager.h">
      <Filter>头文件\Manager\Concrete</Filter>
    </ClInclude>
    <ClInclude Include="Scripts\Header\Manager\Concrete\ConfigManager.h">
      <Filter>头文件\Manager\Concrete</Filter>
    </ClInclude>
    <ClInclude Include="Scripts\Header\Manager\Concrete\EnemyManager.h">
      <Filter>头文件\Manager\Concrete</Filter>
    </ClInclude>
    <ClInclude Include="Scripts\Header\Manager\Concrete\GameManager.h">
      <Filter>头文件\Manager\Concrete</Filter>
    </ClInclude>
    <ClInclude Include="Scripts\Header\Manager\Concrete\ProcessManager.h">
      <Filter>头文件\Manager\Concrete</Filter>
    </ClInclude>
    <ClInclude Include="Scripts\Header\Manager\Concrete\ResourceManager.h">
      <Filter>头文件\Manager\Concrete</Filter>
    </ClInclude>
    <ClInclude Include="Scripts\Header\Manager\Concrete\BulletManager.h">
      <Filter>头文件\Manager\Concrete</Filter>
    </ClInclude>
    <ClInclude Include="Scripts\Header\Bullet\BulletType.h">
      <Filter>头文件\Bullet</Filter>
    </ClInclude>
    <ClInclude Include="Scripts\Header\Tower\Tower.h">
      <Filter>头文件\Tower</Filter>
    </ClInclude>
    <ClInclude Include="Scripts\Header\Tower\TowerType.h">
      <Filter>头文件\Tower</Filter>
    </ClInclude>
    <ClInclude Include="Scripts\Header\Tower\Concrete\Gunner.h">
      <Filter>头文件\Tower\Concrete</Filter>
    </ClInclude>
    <ClInclude Include="Scripts\Header\Tower\Concrete\Axeman.h">
      <Filter>头文件\Tower\Concrete</Filter>
    </ClInclude>
    <ClInclude Include="Scripts\Header\Tower\Concrete\Archer.h">
      <Filter>头文件\Tower\Concrete</Filter>
    </ClInclude>
    <ClInclude Include="Scripts\Header\Manager\Concrete\TowerManager.h">
      <Filter>头文件\Manager\Concrete</Filter>
    </ClInclude>
    <ClInclude Include="Scripts\Header\Drop\Concrete\Coin.h">
      <Filter>头文件\Drop\Concrete</Filter>
    </ClInclude>
    <ClInclude Include="Scripts\Header\Drop\Drop.h">
      <Filter>头文件\Drop</Filter>
    </ClInclude>
    <ClInclude Include="Scripts\Header\Manager\Concrete\DropManager.h">
      <Filter>头文件\Manager\Concrete</Filter>
    </ClInclude>
    <ClInclude Include="Scripts\Header\Drop\DropType.h">
      <Filter>头文件\Drop</Filter>
    </ClInclude>
    <ClInclude Include="Scripts\Header\UI\StatusBar.h">
      <Filter>头文件\UI</Filter>
    </ClInclude>
    <ClInclude Include="Scripts\Header\Infra\DirectionType.h">
      <Filter>头文件\Infra</Filter>
    </ClInclude>
    <ClInclude Include="Scripts\Header\Infra\Timer.h">
      <Filter>头文件\Infra</Filter>
    </ClInclude>
    <ClInclude Include="Scripts\Header\Infra\Vector2.h">
      <Filter>头文件\Infra</Filter>
    </ClInclude>
    <ClInclude Include="Scripts\Header\Infra\Animation.h">
      <Filter>头文件\Infra</Filter>
    </ClInclude>
  </ItemGroup>
</Project>